// !$*UTF8*$!
{
	archiveVersion = 1;
	classes = {
	};
	objectVersion = 50;
	objects = {

/* Begin PBXBuildFile section */
		9313705F2666263E00A4E978 /* CamusOrSartre 1.mlmodel in Sources */ = {isa = PBXBuildFile; fileRef = 9313705E2666263E00A4E978 /* CamusOrSartre 1.mlmodel */; };
		93775D3C2666225C00A6A0DA /* AppDelegate.swift in Sources */ = {isa = PBXBuildFile; fileRef = 93775D3B2666225C00A6A0DA /* AppDelegate.swift */; };
		93775D3E2666225C00A6A0DA /* ViewController.swift in Sources */ = {isa = PBXBuildFile; fileRef = 93775D3D2666225C00A6A0DA /* ViewController.swift */; };
		93775D402666225D00A6A0DA /* Assets.xcassets in Resources */ = {isa = PBXBuildFile; fileRef = 93775D3F2666225D00A6A0DA /* Assets.xcassets */; };
		93775D432666225D00A6A0DA /* Main.storyboard in Resources */ = {isa = PBXBuildFile; fileRef = 93775D412666225D00A6A0DA /* Main.storyboard */; };
/* End PBXBuildFile section */

/* Begin PBXFileReference section */
		9313705E2666263E00A4E978 /* CamusOrSartre 1.mlmodel */ = {isa = PBXFileReference; lastKnownFileType = file.mlmodel; path = "CamusOrSartre 1.mlmodel"; sourceTree = SOURCE_ROOT; };
		93775D382666225C00A6A0DA /* CreateMLapp.app */ = {isa = PBXFileReference; explicitFileType = wrapper.application; includeInIndex = 0; path = CreateMLapp.app; sourceTree = BUILT_PRODUCTS_DIR; };
		93775D3B2666225C00A6A0DA /* AppDelegate.swift */ = {isa = PBXFileReference; lastKnownFileType = sourcecode.swift; path = AppDelegate.swift; sourceTree = "<group>"; };
		93775D3D2666225C00A6A0DA /* ViewController.swift */ = {isa = PBXFileReference; lastKnownFileType = sourcecode.swift; path = ViewController.swift; sourceTree = "<group>"; };
		93775D3F2666225D00A6A0DA /* Assets.xcassets */ = {isa = PBXFileReference; lastKnownFileType = folder.assetcatalog; path = Assets.xcassets; sourceTree = "<group>"; };
		93775D422666225D00A6A0DA /* Base */ = {isa = PBXFileReference; lastKnownFileType = file.storyboard; name = Base; path = Base.lproj/Main.storyboard; sourceTree = "<group>"; };
		93775D442666225D00A6A0DA /* Info.plist */ = {isa = PBXFileReference; lastKnownFileType = text.plist.xml; path = Info.plist; sourceTree = "<group>"; };
		93775D452666225D00A6A0DA /* CreateMLapp.entitlements */ = {isa = PBXFileReference; lastKnownFileType = text.plist.entitlements; path = CreateMLapp.entitlements; sourceTree = "<group>"; };
/* End PBXFileReference section */

/* Begin PBXFrameworksBuildPhase section */
		93775D352666225C00A6A0DA /* Frameworks */ = {
			isa = PBXFrameworksBuildPhase;
			buildActionMask = 2147483647;
			files = (
			);
			runOnlyForDeploymentPostprocessing = 0;
		};
/* End PBXFrameworksBuildPhase section */

/* Begin PBXGroup section */
		93775D2F2666225C00A6A0DA = {
			isa = PBXGroup;
			children = (
				93775D3A2666225C00A6A0DA /* CreateMLapp */,
				93775D392666225C00A6A0DA /* Products */,
			);
			sourceTree = "<group>";
		};
		93775D392666225C00A6A0DA /* Products */ = {
			isa = PBXGroup;
			children = (
				93775D382666225C00A6A0DA /* CreateMLapp.app */,
			);
			name = Products;
			sourceTree = "<group>";
		};
		93775D3A2666225C00A6A0DA /* CreateMLapp */ = {
			isa = PBXGroup;
			children = (
				93775D3B2666225C00A6A0DA /* AppDelegate.swift */,
				93775D3D2666225C00A6A0DA /* ViewController.swift */,
				93775D3F2666225D00A6A0DA /* Assets.xcassets */,
				93775D412666225D00A6A0DA /* Main.storyboard */,
				9313705E2666263E00A4E978 /* CamusOrSartre 1.mlmodel */,
				93775D442666225D00A6A0DA /* Info.plist */,
				93775D452666225D00A6A0DA /* CreateMLapp.entitlements */,
			);
			path = CreateMLapp;
			sourceTree = "<group>";
		};
/* End PBXGroup section */

/* Begin PBXNativeTarget section */
		93775D372666225C00A6A0DA /* CreateMLapp */ = {
			isa = PBXNativeTarget;
			buildConfigurationList = 93775D482666225D00A6A0DA /* Build configuration list for PBXNativeTarget "CreateMLapp" */;
			buildPhases = (
				93775D342666225C00A6A0DA /* Sources */,
				93775D352666225C00A6A0DA /* Frameworks */,
				93775D362666225C00A6A0DA /* Resources */,
			);
			buildRules = (
			);
			dependencies = (
			);
			name = CreateMLapp;
			productName = CreateMLapp;
			productReference = 93775D382666225C00A6A0DA /* CreateMLapp.app */;
			productType = "com.apple.product-type.application";
		};
/* End PBXNativeTarget section */

/* Begin PBXProject section */
		93775D302666225C00A6A0DA /* Project object */ = {
			isa = PBXProject;
			attributes = {
				LastSwiftUpdateCheck = 1250;
				LastUpgradeCheck = 1250;
				TargetAttributes = {
					93775D372666225C00A6A0DA = {
						CreatedOnToolsVersion = 12.5;
					};
				};
			};
			buildConfigurationList = 93775D332666225C00A6A0DA /* Build configuration list for PBXProject "CreateMLapp" */;
			compatibilityVersion = "Xcode 9.3";
			developmentRegion = en;
			hasScannedForEncodings = 0;
			knownRegions = (
				en,
				Base,
			);
			mainGroup = 93775D2F2666225C00A6A0DA;
			productRefGroup = 93775D392666225C00A6A0DA /* Products */;
			projectDirPath = "";
			projectRoot = "";
			targets = (
				93775D372666225C00A6A0DA /* CreateMLapp */,
			);
		};
/* End PBXProject section */

/* Begin PBXResourcesBuildPhase section */
		93775D362666225C00A6A0DA /* Resources */ = {
			isa = PBXResourcesBuildPhase;
			buildActionMask = 2147483647;
			files = (
				93775D402666225D00A6A0DA /* Assets.xcassets in Resources */,
				93775D432666225D00A6A0DA /* Main.storyboard in Resources */,
			);
			runOnlyForDeploymentPostprocessing = 0;
		};
/* End PBXResourcesBuildPhase section */

/* Begin PBXSourcesBuildPhase section */
		93775D342666225C00A6A0DA /* Sources */ = {
			isa = PBXSourcesBuildPhase;
			buildActionMask = 2147483647;
			files = (
				93775D3E2666225C00A6A0DA /* ViewController.swift in Sources */,
				9313705F2666263E00A4E978 /* CamusOrSartre 1.mlmodel in Sources */,
				93775D3C2666225C00A6A0DA /* AppDelegate.swift in Sources */,
			);
			runOnlyForDeploymentPostprocessing = 0;
		};
/* End PBXSourcesBuildPhase section */

/* Begin PBXVariantGroup section */
		93775D412666225D00A6A0DA /* Main.storyboard */ = {
			isa = PBXVariantGroup;
			children = (
				93775D422666225D00A6A0DA /* Base */,
			);
			name = Main.storyboard;
			sourceTree = "<group>";
		};
/* End PBXVariantGroup section */

/* Begin XCBuildConfiguration section */
		93775D462666225D00A6A0DA /* Debug */ = {
			isa = XCBuildConfiguration;
			buildSettings = {
				ALWAYS_SEARCH_USER_PATHS = NO;
				CLANG_ANALYZER_NONNULL = YES;
				CLANG_ANALYZER_NUMBER_OBJECT_CONVERSION = YES_AGGRESSIVE;
				CLANG_CXX_LANGUAGE_STANDARD = "gnu++14";
				CLANG_CXX_LIBRARY = "libc++";
				CLANG_ENABLE_MODULES = YES;
				CLANG_ENABLE_OBJC_ARC = YES;
				CLANG_ENABLE_OBJC_WEAK = YES;
				CLANG_WARN_BLOCK_CAPTURE_AUTORELEASING = YES;
				CLANG_WARN_BOOL_CONVERSION = YES;
				CLANG_WARN_COMMA = YES;
				CLANG_WARN_CONSTANT_CONVERSION = YES;
				CLANG_WARN_DEPRECATED_OBJC_IMPLEMENTATIONS = YES;
				CLANG_WARN_DIRECT_OBJC_ISA_USAGE = YES_ERROR;
				CLANG_WARN_DOCUMENTATION_COMMENTS = YES;
				CLANG_WARN_EMPTY_BODY = YES;
				CLANG_WARN_ENUM_CONVERSION = YES;
				CLANG_WARN_INFINITE_RECURSION = YES;
				CLANG_WARN_INT_CONVERSION = YES;
				CLANG_WARN_NON_LITERAL_NULL_CONVERSION = YES;
				CLANG_WARN_OBJC_IMPLICIT_RETAIN_SELF = YES;
				CLANG_WARN_OBJC_LITERAL_CONVERSION = YES;
				CLANG_WARN_OBJC_ROOT_CLASS = YES_ERROR;
				CLANG_WARN_QUOTED_INCLUDE_IN_FRAMEWORK_HEADER = YES;
				CLANG_WARN_RANGE_LOOP_ANALYSIS = YES;
				CLANG_WARN_STRICT_PROTOTYPES = YES;
				CLANG_WARN_SUSPICIOUS_MOVE = YES;
				CLANG_WARN_UNGUARDED_AVAILABILITY = YES_AGGRESSIVE;
				CLANG_WARN_UNREACHABLE_CODE = YES;
				CLANG_WARN__DUPLICATE_METHOD_MATCH = YES;
				COPY_PHASE_STRIP = NO;
				DEBUG_INFORMATION_FORMAT = dwarf;
				ENABLE_STRICT_OBJC_MSGSEND = YES;
				ENABLE_TESTABILITY = YES;
				GCC_C_LANGUAGE_STANDARD = gnu11;
				GCC_DYNAMIC_NO_PIC = NO;
				GCC_NO_COMMON_BLOCKS = YES;
				GCC_OPTIMIZATION_LEVEL = 0;
				GCC_PREPROCESSOR_DEFINITIONS = (
					"DEBUG=1",
					"$(inherited)",
				);
				GCC_WARN_64_TO_32_BIT_CONVERSION = YES;
				GCC_WARN_ABOUT_RETURN_TYPE = YES_ERROR;
				GCC_WARN_UNDECLARED_SELECTOR = YES;
				GCC_WARN_UNINITIALIZED_AUTOS = YES_AGGRESSIVE;
				GCC_WARN_UNUSED_FUNCTION = YES;
				GCC_WARN_UNUSED_VARIABLE = YES;
				MACOSX_DEPLOYMENT_TARGET = 11.3;
				MTL_ENABLE_DEBUG_INFO = INCLUDE_SOURCE;
				MTL_FAST_MATH = YES;
				ONLY_ACTIVE_ARCH = YES;
				SDKROOT = macosx;
				SWIFT_ACTIVE_COMPILATION_CONDITIONS = DEBUG;
				SWIFT_OPTIMIZATION_LEVEL = "-Onone";
			};
			name = Debug;
		};
		93775D472666225D00A6A0DA /* Release */ = {
			isa = XCBuildConfiguration;
			buildSettings = {
				ALWAYS_SEARCH_USER_PATHS = NO;
				CLANG_ANALYZER_NONNULL = YES;
				CLANG_ANALYZER_NUMBER_OBJECT_CONVERSION = YES_AGGRESSIVE;
				CLANG_CXX_LANGUAGE_STANDARD = "gnu++14";
				CLANG_CXX_LIBRARY = "libc++";
				CLANG_ENABLE_MODULES = YES;
				CLANG_ENABLE_OBJC_ARC = YES;
				CLANG_ENABLE_OBJC_WEAK = YES;
				CLANG_WARN_BLOCK_CAPTURE_AUTORELEASING = YES;
				CLANG_WARN_BOOL_CONVERSION = YES;
				CLANG_WARN_COMMA = YES;
				CLANG_WARN_CONSTANT_CONVERSION = YES;
				CLANG_WARN_DEPRECATED_OBJC_IMPLEMENTATIONS = YES;
				CLANG_WARN_DIRECT_OBJC_ISA_USAGE = YES_ERROR;
				CLANG_WARN_DOCUMENTATION_COMMENTS = YES;
				CLANG_WARN_EMPTY_BODY = YES;
				CLANG_WARN_ENUM_CONVERSION = YES;
				CLANG_WARN_INFINITE_RECURSION = YES;
				CLANG_WARN_INT_CONVERSION = YES;
				CLANG_WARN_NON_LITERAL_NULL_CONVERSION = YES;
				CLANG_WARN_OBJC_IMPLICIT_RETAIN_SELF = YES;
				CLANG_WARN_OBJC_LITERAL_CONVERSION = YES;
				CLANG_WARN_OBJC_ROOT_CLASS = YES_ERROR;
				CLANG_WARN_QUOTED_INCLUDE_IN_FRAMEWORK_HEADER = YES;
				CLANG_WARN_RANGE_LOOP_ANALYSIS = YES;
				CLANG_WARN_STRICT_PROTOTYPES = YES;
				CLANG_WARN_SUSPICIOUS_MOVE = YES;
				CLANG_WARN_UNGUARDED_AVAILABILITY = YES_AGGRESSIVE;
				CLANG_WARN_UNREACHABLE_CODE = YES;
				CLANG_WARN__DUPLICATE_METHOD_MATCH = YES;
				COPY_PHASE_STRIP = NO;
				DEBUG_INFORMATION_FORMAT = "dwarf-with-dsym";
				ENABLE_NS_ASSERTIONS = NO;
				ENABLE_STRICT_OBJC_MSGSEND = YES;
				GCC_C_LANGUAGE_STANDARD = gnu11;
				GCC_NO_COMMON_BLOCKS = YES;
				GCC_WARN_64_TO_32_BIT_CONVERSION = YES;
				GCC_WARN_ABOUT_RETURN_TYPE = YES_ERROR;
				GCC_WARN_UNDECLARED_SELECTOR = YES;
				GCC_WARN_UNINITIALIZED_AUTOS = YES_AGGRESSIVE;
				GCC_WARN_UNUSED_FUNCTION = YES;
				GCC_WARN_UNUSED_VARIABLE = YES;
				MACOSX_DEPLOYMENT_TARGET = 11.3;
				MTL_ENABLE_DEBUG_INFO = NO;
				MTL_FAST_MATH = YES;
				SDKROOT = macosx;
				SWIFT_COMPILATION_MODE = wholemodule;
				SWIFT_OPTIMIZATION_LEVEL = "-O";
			};
			name = Release;
		};
		93775D492666225D00A6A0DA /* Debug */ = {
			isa = XCBuildConfiguration;
			buildSettings = {
				ASSETCATALOG_COMPILER_APPICON_NAME = AppIcon;
				ASSETCATALOG_COMPILER_GLOBAL_ACCENT_COLOR_NAME = AccentColor;
				CODE_SIGN_ENTITLEMENTS = CreateMLapp/CreateMLapp.entitlements;
				CODE_SIGN_STYLE = Automatic;
				COMBINE_HIDPI_IMAGES = YES;
				DEVELOPMENT_TEAM = X78RQ55TN2;
				ENABLE_HARDENED_RUNTIME = YES;
				INFOPLIST_FILE = CreateMLapp/Info.plist;
				LD_RUNPATH_SEARCH_PATHS = (
					"$(inherited)",
					"@executable_path/../Frameworks",
				);
				PRODUCT_BUNDLE_IDENTIFIER = codes.amina.CreateMLapp;
				PRODUCT_NAME = "$(TARGET_NAME)";
				SWIFT_VERSION = 5.0;
			};
			name = Debug;
		};
		93775D4A2666225D00A6A0DA /* Release */ = {
			isa = XCBuildConfiguration;
			buildSettings = {
				ASSETCATALOG_COMPILER_APPICON_NAME = AppIcon;
				ASSETCATALOG_COMPILER_GLOBAL_ACCENT_COLOR_NAME = AccentColor;
				CODE_SIGN_ENTITLEMENTS = CreateMLapp/CreateMLapp.entitlements;
				CODE_SIGN_STYLE = Automatic;
				COMBINE_HIDPI_IMAGES = YES;
				DEVELOPMENT_TEAM = X78RQ55TN2;
				ENABLE_HARDENED_RUNTIME = YES;
				INFOPLIST_FILE = CreateMLapp/Info.plist;
				LD_RUNPATH_SEARCH_PATHS = (
					"$(inherited)",
					"@executable_path/../Frameworks",
				);
				PRODUCT_BUNDLE_IDENTIFIER = codes.amina.CreateMLapp;
				PRODUCT_NAME = "$(TARGET_NAME)";
				SWIFT_VERSION = 5.0;
			};
			name = Release;
		};
/* End XCBuildConfiguration section */

/* Begin XCConfigurationList section */
		93775D332666225C00A6A0DA /* Build configuration list for PBXProject "CreateMLapp" */ = {
			isa = XCConfigurationList;
			buildConfigurations = (
				93775D462666225D00A6A0DA /* Debug */,
				93775D472666225D00A6A0DA /* Release */,
			);
			defaultConfigurationIsVisible = 0;
			defaultConfigurationName = Release;
		};
		93775D482666225D00A6A0DA /* Build configuration list for PBXNativeTarget "CreateMLapp" */ = {
			isa = XCConfigurationList;
			buildConfigurations = (
				93775D492666225D00A6A0DA /* Debug */,
				93775D4A2666225D00A6A0DA /* Release */,
			);
			defaultConfigurationIsVisible = 0;
			defaultConfigurationName = Release;
		};
/* End XCConfigurationList section */
	};
	rootObject = 93775D302666225C00A6A0DA /* Project object */;
}
